{
  "version": 4,
  "terraform_version": "1.8.4",
  "serial": 31,
  "lineage": "d9afd2f5-25a9-d652-4227-e9b0dea328bf",
  "outputs": {},
  "resources": [
    {
      "mode": "managed",
      "type": "azurerm_application_insights",
      "name": "application_insights",
      "provider": "provider[\"registry.terraform.io/hashicorp/azurerm\"]",
      "instances": [
        {
          "schema_version": 2,
          "attributes": {
            "app_id": "5dc635ee-da91-40ae-bc38-02be56faecaf",
            "application_type": "other",
            "connection_string": "InstrumentationKey=a74fd60e-1105-4f3d-aaa0-84c3e51ecee2;IngestionEndpoint=https://swedencentral-0.in.applicationinsights.azure.com/;ApplicationId=5dc635ee-da91-40ae-bc38-02be56faecaf",
            "daily_data_cap_in_gb": 100,
            "daily_data_cap_notifications_disabled": false,
            "disable_ip_masking": false,
            "force_customer_storage_for_profiler": false,
            "id": "/subscriptions/1c00ea97-32b9-4d02-85fb-fce328456b86/resourceGroups/rg-keyper-dev/providers/Microsoft.Insights/components/keyperdevappinsights",
            "instrumentation_key": "a74fd60e-1105-4f3d-aaa0-84c3e51ecee2",
            "internet_ingestion_enabled": true,
            "internet_query_enabled": true,
            "local_authentication_disabled": false,
            "location": "swedencentral",
            "name": "keyperdevappinsights",
            "resource_group_name": "rg-keyper-dev",
            "retention_in_days": 90,
            "sampling_percentage": 100,
            "tags": {},
            "timeouts": null,
            "workspace_id": "/subscriptions/1c00ea97-32b9-4d02-85fb-fce328456b86/resourceGroups/rg-keyper-dev/providers/Microsoft.OperationalInsights/workspaces/keyperdevworkspace"
          },
          "sensitive_attributes": [
            [
              {
                "type": "get_attr",
                "value": "connection_string"
              }
            ],
            [
              {
                "type": "get_attr",
                "value": "instrumentation_key"
              }
            ]
          ],
          "private": "eyJlMmJmYjczMC1lY2FhLTExZTYtOGY4OC0zNDM2M2JjN2M0YzAiOnsiY3JlYXRlIjozNjAwMDAwMDAwMDAwLCJkZWxldGUiOjE4MDAwMDAwMDAwMDAsInJlYWQiOjMwMDAwMDAwMDAwMCwidXBkYXRlIjoxODAwMDAwMDAwMDAwfSwic2NoZW1hX3ZlcnNpb24iOiIyIn0=",
          "dependencies": [
            "azurerm_log_analytics_workspace.laworkspace",
            "azurerm_resource_group.keyper"
          ]
        }
      ]
    },
    {
      "mode": "managed",
      "type": "azurerm_cognitive_account",
      "name": "cognitive",
      "provider": "provider[\"registry.terraform.io/hashicorp/azurerm\"]",
      "instances": [
        {
          "schema_version": 0,
          "attributes": {
            "custom_question_answering_search_service_id": null,
            "custom_question_answering_search_service_key": null,
            "custom_subdomain_name": "",
            "customer_managed_key": [],
            "dynamic_throttling_enabled": false,
            "endpoint": "https://swedencentral.api.cognitive.microsoft.com/",
            "fqdns": [],
            "id": "/subscriptions/1c00ea97-32b9-4d02-85fb-fce328456b86/resourceGroups/rg-keyper-dev/providers/Microsoft.CognitiveServices/accounts/keyperdevcognitive",
            "identity": [],
            "kind": "ComputerVision",
            "local_auth_enabled": true,
            "location": "swedencentral",
            "metrics_advisor_aad_client_id": null,
            "metrics_advisor_aad_tenant_id": null,
            "metrics_advisor_super_user_name": null,
            "metrics_advisor_website_name": null,
            "name": "keyperdevcognitive",
            "network_acls": [],
            "outbound_network_access_restricted": false,
            "primary_access_key": "c4b2ce3ac113410cbc10e833e389f82c",
            "public_network_access_enabled": true,
            "qna_runtime_endpoint": null,
            "resource_group_name": "rg-keyper-dev",
            "secondary_access_key": "8cd0202229684340a97c1481f884f90b",
            "sku_name": "F0",
            "storage": [],
            "tags": {},
            "timeouts": null
          },
          "sensitive_attributes": [
            [
              {
                "type": "get_attr",
                "value": "custom_question_answering_search_service_key"
              }
            ],
            [
              {
                "type": "get_attr",
                "value": "secondary_access_key"
              }
            ],
            [
              {
                "type": "get_attr",
                "value": "primary_access_key"
              }
            ]
          ],
          "private": "eyJlMmJmYjczMC1lY2FhLTExZTYtOGY4OC0zNDM2M2JjN2M0YzAiOnsiY3JlYXRlIjoxODAwMDAwMDAwMDAwLCJkZWxldGUiOjE4MDAwMDAwMDAwMDAsInJlYWQiOjMwMDAwMDAwMDAwMCwidXBkYXRlIjoxODAwMDAwMDAwMDAwfX0=",
          "dependencies": [
            "azurerm_resource_group.keyper"
          ]
        }
      ]
    },
    {
      "mode": "managed",
      "type": "azurerm_linux_function_app",
      "name": "function_app",
      "provider": "provider[\"registry.terraform.io/hashicorp/azurerm\"]",
      "instances": [
        {
          "schema_version": 1,
          "attributes": {
            "app_settings": {
              "AzureWebJobsFeatureFlags": "EnableWorkerIndexing",
              "ENV_COGNITIVE_KEY": "c4b2ce3ac113410cbc10e833e389f82c",
              "ENV_COGNITIVE_URL": "https://swedencentral.api.cognitive.microsoft.com/",
              "ENV_PHOTOS_ACCOUNT_NAME": "keyperdevphotos",
              "ENV_PHOTOS_CONNSTR": "DefaultEndpointsProtocol=https;AccountName=keyperdevphotos;AccountKey=jDgFPXWoxQZf7jfkCQeD3u6BqCKeEzsuTbM2BjvC3POLMoGqrLPEpOPtqSDtpjxVJiDdYcnQjq5/+AStcLgczg==;EndpointSuffix=core.windows.net",
              "ENV_PHOTOS_CONTAINER_NAME": "images",
              "ENV_PHOTOS_CONTAINER_URL": "https://keyperdevphotos.blob.core.windows.net/",
              "ENV_PHOTOS_PRIMARY_KEY": "jDgFPXWoxQZf7jfkCQeD3u6BqCKeEzsuTbM2BjvC3POLMoGqrLPEpOPtqSDtpjxVJiDdYcnQjq5/+AStcLgczg==",
              "ENV_PHOTOS_QUEUE_NAME": "photoprocess",
              "ENV_PHOTOS_QUEUE_URL": "https://keyperdevphotos.queue.core.windows.net/",
              "ENV_PHOTOS_TABLE_NAME": "photosdb",
              "ENV_PHOTOS_TABLE_URL": "https://keyperdevphotos.table.core.windows.net/",
              "FUNCTIONS_WORKER_RUNTIME": "python",
              "WEBSITE_RUN_FROM_PACKAGE": ""
            },
            "auth_settings": [],
            "auth_settings_v2": [],
            "backup": [],
            "builtin_logging_enabled": true,
            "client_certificate_enabled": false,
            "client_certificate_exclusion_paths": "",
            "client_certificate_mode": "Optional",
            "connection_string": [],
            "content_share_force_disabled": false,
            "custom_domain_verification_id": "214AC7AD2790EFC2423ABE959BDC34927B85A4D9D93CB7C7198568F29C149DB7",
            "daily_memory_time_quota": 0,
            "default_hostname": "keyper-app-dev.azurewebsites.net",
            "enabled": true,
            "ftp_publish_basic_authentication_enabled": true,
            "functions_extension_version": "~4",
            "hosting_environment_id": "",
            "https_only": false,
            "id": "/subscriptions/1c00ea97-32b9-4d02-85fb-fce328456b86/resourceGroups/rg-keyper-dev/providers/Microsoft.Web/sites/keyper-app-dev",
            "identity": [],
            "key_vault_reference_identity_id": "SystemAssigned",
            "kind": "functionapp,linux",
            "location": "eastus",
            "name": "keyper-app-dev",
            "outbound_ip_address_list": [
              "40.71.1.129",
              "52.170.233.65",
              "40.71.3.54",
              "52.191.115.185",
              "40.71.177.34"
            ],
            "outbound_ip_addresses": "40.71.1.129,52.170.233.65,40.71.3.54,52.191.115.185,40.71.177.34",
            "possible_outbound_ip_address_list": [
              "40.71.1.129",
              "52.170.233.65",
              "40.71.3.54",
              "52.191.115.185",
              "104.211.20.160",
              "104.211.22.67",
              "20.253.0.46",
              "20.253.0.172",
              "20.253.0.252",
              "20.253.1.6",
              "20.253.1.7",
              "20.253.3.130",
              "20.83.130.84",
              "20.83.130.143",
              "20.83.131.80",
              "20.83.131.189",
              "20.83.131.228",
              "20.83.131.238",
              "40.71.177.34"
            ],
            "possible_outbound_ip_addresses": "40.71.1.129,52.170.233.65,40.71.3.54,52.191.115.185,104.211.20.160,104.211.22.67,20.253.0.46,20.253.0.172,20.253.0.252,20.253.1.6,20.253.1.7,20.253.3.130,20.83.130.84,20.83.130.143,20.83.131.80,20.83.131.189,20.83.131.228,20.83.131.238,40.71.177.34",
            "public_network_access_enabled": true,
            "resource_group_name": "rg-keyper-dev",
            "service_plan_id": "/subscriptions/1c00ea97-32b9-4d02-85fb-fce328456b86/resourceGroups/rg-keyper-dev/providers/Microsoft.Web/serverFarms/keyperdevserviceplan",
            "site_config": [
              {
                "always_on": false,
                "api_definition_url": "",
                "api_management_api_id": "",
                "app_command_line": "",
                "app_scale_limit": 200,
                "app_service_logs": [],
                "application_insights_connection_string": "",
                "application_insights_key": "a74fd60e-1105-4f3d-aaa0-84c3e51ecee2",
                "application_stack": [
                  {
                    "docker": [],
                    "dotnet_version": "",
                    "java_version": "",
                    "node_version": "",
                    "powershell_core_version": "",
                    "python_version": "3.9",
                    "use_custom_runtime": false,
                    "use_dotnet_isolated_runtime": false
                  }
                ],
                "container_registry_managed_identity_client_id": "",
                "container_registry_use_managed_identity": false,
                "cors": [],
                "default_documents": [
                  "Default.htm",
                  "Default.html",
                  "Default.asp",
                  "index.htm",
                  "index.html",
                  "iisstart.htm",
                  "default.aspx",
                  "index.php"
                ],
                "detailed_error_logging_enabled": false,
                "elastic_instance_minimum": 0,
                "ftps_state": "Disabled",
                "health_check_eviction_time_in_min": 0,
                "health_check_path": "",
                "http2_enabled": false,
                "ip_restriction": [],
                "ip_restriction_default_action": "Allow",
                "linux_fx_version": "PYTHON|3.9",
                "load_balancing_mode": "LeastRequests",
                "managed_pipeline_mode": "Integrated",
                "minimum_tls_version": "1.2",
                "pre_warmed_instance_count": 0,
                "remote_debugging_enabled": false,
                "remote_debugging_version": "",
                "runtime_scale_monitoring_enabled": false,
                "scm_ip_restriction": [],
                "scm_ip_restriction_default_action": "Allow",
                "scm_minimum_tls_version": "1.2",
                "scm_type": "None",
                "scm_use_main_ip_restriction": false,
                "use_32_bit_worker": false,
                "vnet_route_all_enabled": false,
                "websockets_enabled": false,
                "worker_count": 1
              }
            ],
            "site_credential": [
              {
                "name": "$keyper-app-dev",
                "password": "rzMfr6J0u4wh7MeeZxgbwSFK8hNlBBZldzswmHskD6KE0KKNYaHzmPegqdjo"
              }
            ],
            "sticky_settings": [],
            "storage_account": [],
            "storage_account_access_key": "LHrXmp7Y+Rq5cienKQGuHsPOS+mxkrmHxjGKG0HQCaf6cPETt5SYg4dOZKGtohhxL/Tn13ma4lb0+AStv51mMQ==",
            "storage_account_name": "keyperdevstorage",
            "storage_key_vault_secret_id": "",
            "storage_uses_managed_identity": false,
            "tags": null,
            "timeouts": null,
            "virtual_network_subnet_id": "",
            "webdeploy_publish_basic_authentication_enabled": true,
            "zip_deploy_file": ""
          },
          "sensitive_attributes": [
            [
              {
                "type": "get_attr",
                "value": "custom_domain_verification_id"
              }
            ],
            [
              {
                "type": "get_attr",
                "value": "site_config"
              },
              {
                "type": "index",
                "value": {
                  "value": 0,
                  "type": "number"
                }
              },
              {
                "type": "get_attr",
                "value": "application_insights_connection_string"
              }
            ],
            [
              {
                "type": "get_attr",
                "value": "site_config"
              },
              {
                "type": "index",
                "value": {
                  "value": 0,
                  "type": "number"
                }
              },
              {
                "type": "get_attr",
                "value": "application_insights_key"
              }
            ],
            [
              {
                "type": "get_attr",
                "value": "app_settings"
              },
              {
                "type": "index",
                "value": {
                  "value": "ENV_COGNITIVE_KEY",
                  "type": "string"
                }
              }
            ],
            [
              {
                "type": "get_attr",
                "value": "app_settings"
              },
              {
                "type": "index",
                "value": {
                  "value": "ENV_PHOTOS_CONNSTR",
                  "type": "string"
                }
              }
            ],
            [
              {
                "type": "get_attr",
                "value": "app_settings"
              },
              {
                "type": "index",
                "value": {
                  "value": "ENV_PHOTOS_PRIMARY_KEY",
                  "type": "string"
                }
              }
            ],
            [
              {
                "type": "get_attr",
                "value": "storage_account_access_key"
              }
            ],
            [
              {
                "type": "get_attr",
                "value": "site_credential"
              }
            ]
          ],
          "private": "eyJlMmJmYjczMC1lY2FhLTExZTYtOGY4OC0zNDM2M2JjN2M0YzAiOnsiY3JlYXRlIjoxODAwMDAwMDAwMDAwLCJkZWxldGUiOjE4MDAwMDAwMDAwMDAsInJlYWQiOjMwMDAwMDAwMDAwMCwidXBkYXRlIjoxODAwMDAwMDAwMDAwfSwic2NoZW1hX3ZlcnNpb24iOiIxIn0=",
          "dependencies": [
            "azurerm_application_insights.application_insights",
            "azurerm_cognitive_account.cognitive",
            "azurerm_log_analytics_workspace.laworkspace",
            "azurerm_resource_group.keyper",
            "azurerm_service_plan.app_service_plan",
            "azurerm_storage_account.appcode",
            "azurerm_storage_account.photos",
            "azurerm_storage_container.photos",
            "azurerm_storage_queue.photoqueue",
            "azurerm_storage_table.photos"
          ]
        }
      ]
    },
    {
      "mode": "managed",
      "type": "azurerm_log_analytics_workspace",
      "name": "laworkspace",
      "provider": "provider[\"registry.terraform.io/hashicorp/azurerm\"]",
      "instances": [
        {
          "schema_version": 3,
          "attributes": {
            "allow_resource_only_permissions": true,
            "cmk_for_query_forced": false,
            "daily_quota_gb": -1,
            "data_collection_rule_id": "",
            "id": "/subscriptions/1c00ea97-32b9-4d02-85fb-fce328456b86/resourceGroups/rg-keyper-dev/providers/Microsoft.OperationalInsights/workspaces/keyperdevworkspace",
            "identity": [],
            "immediate_data_purge_on_30_days_enabled": false,
            "internet_ingestion_enabled": true,
            "internet_query_enabled": true,
            "local_authentication_disabled": false,
            "location": "swedencentral",
            "name": "keyperdevworkspace",
            "primary_shared_key": "0KtAgM+lbhOMcOFfjvNI+cIeF+GOHq8jRCFjxVQAJqL/ORg0sF08bS0oFuCcSlz875D+hH6hbmmv0lLdBgQV1g==",
            "reservation_capacity_in_gb_per_day": null,
            "resource_group_name": "rg-keyper-dev",
            "retention_in_days": 30,
            "secondary_shared_key": "OzCHUQ1m3K9BUHm8alz0fbArK5M+wunMyWp5HDkcmnki88otVl2LUT6kL8ZHOCy/QodrLZZcbX06kYuFCcKw8A==",
            "sku": "PerGB2018",
            "tags": {},
            "timeouts": null,
            "workspace_id": "4d807b40-1286-4b76-8d95-a72afa0ffe07"
          },
          "sensitive_attributes": [
            [
              {
                "type": "get_attr",
                "value": "secondary_shared_key"
              }
            ],
            [
              {
                "type": "get_attr",
                "value": "primary_shared_key"
              }
            ]
          ],
          "private": "eyJlMmJmYjczMC1lY2FhLTExZTYtOGY4OC0zNDM2M2JjN2M0YzAiOnsiY3JlYXRlIjoxODAwMDAwMDAwMDAwLCJkZWxldGUiOjE4MDAwMDAwMDAwMDAsInJlYWQiOjMwMDAwMDAwMDAwMCwidXBkYXRlIjoxODAwMDAwMDAwMDAwfSwic2NoZW1hX3ZlcnNpb24iOiIzIn0=",
          "dependencies": [
            "azurerm_resource_group.keyper"
          ]
        }
      ]
    },
    {
      "mode": "managed",
      "type": "azurerm_resource_group",
      "name": "keyper",
      "provider": "provider[\"registry.terraform.io/hashicorp/azurerm\"]",
      "instances": [
        {
          "schema_version": 0,
          "attributes": {
            "id": "/subscriptions/1c00ea97-32b9-4d02-85fb-fce328456b86/resourceGroups/rg-keyper-dev",
            "location": "swedencentral",
            "managed_by": "",
            "name": "rg-keyper-dev",
            "tags": {
              "contact": "Jakub Kwiatkowski",
              "course": "Projektowanie Systemów Rozproszonych",
              "year": "2024"
            },
            "timeouts": null
          },
          "sensitive_attributes": [],
          "private": "eyJlMmJmYjczMC1lY2FhLTExZTYtOGY4OC0zNDM2M2JjN2M0YzAiOnsiY3JlYXRlIjo1NDAwMDAwMDAwMDAwLCJkZWxldGUiOjU0MDAwMDAwMDAwMDAsInJlYWQiOjMwMDAwMDAwMDAwMCwidXBkYXRlIjo1NDAwMDAwMDAwMDAwfX0="
        }
      ]
    },
    {
      "mode": "managed",
      "type": "azurerm_service_plan",
      "name": "app_service_plan",
      "provider": "provider[\"registry.terraform.io/hashicorp/azurerm\"]",
      "instances": [
        {
          "schema_version": 1,
          "attributes": {
            "app_service_environment_id": "",
            "id": "/subscriptions/1c00ea97-32b9-4d02-85fb-fce328456b86/resourceGroups/rg-keyper-dev/providers/Microsoft.Web/serverFarms/keyperdevserviceplan",
            "kind": "functionapp",
            "location": "eastus",
            "maximum_elastic_worker_count": 1,
            "name": "keyperdevserviceplan",
            "os_type": "Linux",
            "per_site_scaling_enabled": false,
            "reserved": true,
            "resource_group_name": "rg-keyper-dev",
            "sku_name": "Y1",
            "tags": {},
            "timeouts": null,
            "worker_count": 0,
            "zone_balancing_enabled": false
          },
          "sensitive_attributes": [],
          "private": "eyJlMmJmYjczMC1lY2FhLTExZTYtOGY4OC0zNDM2M2JjN2M0YzAiOnsiY3JlYXRlIjozNjAwMDAwMDAwMDAwLCJkZWxldGUiOjM2MDAwMDAwMDAwMDAsInJlYWQiOjMwMDAwMDAwMDAwMCwidXBkYXRlIjozNjAwMDAwMDAwMDAwfSwic2NoZW1hX3ZlcnNpb24iOiIxIn0=",
          "dependencies": [
            "azurerm_resource_group.keyper"
          ]
        }
      ]
    },
    {
      "mode": "managed",
      "type": "azurerm_storage_account",
      "name": "appcode",
      "provider": "provider[\"registry.terraform.io/hashicorp/azurerm\"]",
      "instances": [
        {
          "schema_version": 4,
          "attributes": {
            "access_tier": "Hot",
            "account_kind": "StorageV2",
            "account_replication_type": "LRS",
            "account_tier": "Standard",
            "allow_nested_items_to_be_public": true,
            "allowed_copy_scope": "",
            "azure_files_authentication": [],
            "blob_properties": [
              {
                "change_feed_enabled": false,
                "change_feed_retention_in_days": 0,
                "container_delete_retention_policy": [],
                "cors_rule": [],
                "default_service_version": "",
                "delete_retention_policy": [],
                "last_access_time_enabled": false,
                "restore_policy": [],
                "versioning_enabled": false
              }
            ],
            "cross_tenant_replication_enabled": true,
            "custom_domain": [],
            "customer_managed_key": [],
            "default_to_oauth_authentication": false,
            "dns_endpoint_type": "Standard",
            "edge_zone": "",
            "enable_https_traffic_only": true,
            "id": "/subscriptions/1c00ea97-32b9-4d02-85fb-fce328456b86/resourceGroups/rg-keyper-dev/providers/Microsoft.Storage/storageAccounts/keyperdevstorage",
            "identity": [],
            "immutability_policy": [],
            "infrastructure_encryption_enabled": false,
            "is_hns_enabled": false,
            "large_file_share_enabled": null,
            "local_user_enabled": true,
            "location": "swedencentral",
            "min_tls_version": "TLS1_2",
            "name": "keyperdevstorage",
            "network_rules": [
              {
                "bypass": [
                  "AzureServices"
                ],
                "default_action": "Allow",
                "ip_rules": [],
                "private_link_access": [],
                "virtual_network_subnet_ids": []
              }
            ],
            "nfsv3_enabled": false,
            "primary_access_key": "LHrXmp7Y+Rq5cienKQGuHsPOS+mxkrmHxjGKG0HQCaf6cPETt5SYg4dOZKGtohhxL/Tn13ma4lb0+AStv51mMQ==",
            "primary_blob_connection_string": "DefaultEndpointsProtocol=https;BlobEndpoint=https://keyperdevstorage.blob.core.windows.net/;AccountName=keyperdevstorage;AccountKey=LHrXmp7Y+Rq5cienKQGuHsPOS+mxkrmHxjGKG0HQCaf6cPETt5SYg4dOZKGtohhxL/Tn13ma4lb0+AStv51mMQ==",
            "primary_blob_endpoint": "https://keyperdevstorage.blob.core.windows.net/",
            "primary_blob_host": "keyperdevstorage.blob.core.windows.net",
            "primary_blob_internet_endpoint": "",
            "primary_blob_internet_host": "",
            "primary_blob_microsoft_endpoint": "",
            "primary_blob_microsoft_host": "",
            "primary_connection_string": "DefaultEndpointsProtocol=https;AccountName=keyperdevstorage;AccountKey=LHrXmp7Y+Rq5cienKQGuHsPOS+mxkrmHxjGKG0HQCaf6cPETt5SYg4dOZKGtohhxL/Tn13ma4lb0+AStv51mMQ==;EndpointSuffix=core.windows.net",
            "primary_dfs_endpoint": "https://keyperdevstorage.dfs.core.windows.net/",
            "primary_dfs_host": "keyperdevstorage.dfs.core.windows.net",
            "primary_dfs_internet_endpoint": "",
            "primary_dfs_internet_host": "",
            "primary_dfs_microsoft_endpoint": "",
            "primary_dfs_microsoft_host": "",
            "primary_file_endpoint": "https://keyperdevstorage.file.core.windows.net/",
            "primary_file_host": "keyperdevstorage.file.core.windows.net",
            "primary_file_internet_endpoint": "",
            "primary_file_internet_host": "",
            "primary_file_microsoft_endpoint": "",
            "primary_file_microsoft_host": "",
            "primary_location": "swedencentral",
            "primary_queue_endpoint": "https://keyperdevstorage.queue.core.windows.net/",
            "primary_queue_host": "keyperdevstorage.queue.core.windows.net",
            "primary_queue_microsoft_endpoint": "",
            "primary_queue_microsoft_host": "",
            "primary_table_endpoint": "https://keyperdevstorage.table.core.windows.net/",
            "primary_table_host": "keyperdevstorage.table.core.windows.net",
            "primary_table_microsoft_endpoint": "",
            "primary_table_microsoft_host": "",
            "primary_web_endpoint": "https://keyperdevstorage.z1.web.core.windows.net/",
            "primary_web_host": "keyperdevstorage.z1.web.core.windows.net",
            "primary_web_internet_endpoint": "",
            "primary_web_internet_host": "",
            "primary_web_microsoft_endpoint": "",
            "primary_web_microsoft_host": "",
            "public_network_access_enabled": true,
            "queue_encryption_key_type": "Service",
            "queue_properties": [
              {
                "cors_rule": [],
                "hour_metrics": [
                  {
                    "enabled": true,
                    "include_apis": true,
                    "retention_policy_days": 7,
                    "version": "1.0"
                  }
                ],
                "logging": [
                  {
                    "delete": false,
                    "read": false,
                    "retention_policy_days": 0,
                    "version": "1.0",
                    "write": false
                  }
                ],
                "minute_metrics": [
                  {
                    "enabled": false,
                    "include_apis": false,
                    "retention_policy_days": 0,
                    "version": "1.0"
                  }
                ]
              }
            ],
            "resource_group_name": "rg-keyper-dev",
            "routing": [],
            "sas_policy": [],
            "secondary_access_key": "+Q4w/OUYUy3o1mnt1lNQFOBJeCPHWF0tTP2LYHEb2hj3vnTUn5fihsnPBkI91opty4DEm8qpZVbn+AStklTh5A==",
            "secondary_blob_connection_string": "",
            "secondary_blob_endpoint": null,
            "secondary_blob_host": null,
            "secondary_blob_internet_endpoint": null,
            "secondary_blob_internet_host": null,
            "secondary_blob_microsoft_endpoint": null,
            "secondary_blob_microsoft_host": null,
            "secondary_connection_string": "DefaultEndpointsProtocol=https;AccountName=keyperdevstorage;AccountKey=+Q4w/OUYUy3o1mnt1lNQFOBJeCPHWF0tTP2LYHEb2hj3vnTUn5fihsnPBkI91opty4DEm8qpZVbn+AStklTh5A==;EndpointSuffix=core.windows.net",
            "secondary_dfs_endpoint": null,
            "secondary_dfs_host": null,
            "secondary_dfs_internet_endpoint": null,
            "secondary_dfs_internet_host": null,
            "secondary_dfs_microsoft_endpoint": null,
            "secondary_dfs_microsoft_host": null,
            "secondary_file_endpoint": null,
            "secondary_file_host": null,
            "secondary_file_internet_endpoint": null,
            "secondary_file_internet_host": null,
            "secondary_file_microsoft_endpoint": null,
            "secondary_file_microsoft_host": null,
            "secondary_location": "",
            "secondary_queue_endpoint": null,
            "secondary_queue_host": null,
            "secondary_queue_microsoft_endpoint": null,
            "secondary_queue_microsoft_host": null,
            "secondary_table_endpoint": null,
            "secondary_table_host": null,
            "secondary_table_microsoft_endpoint": null,
            "secondary_table_microsoft_host": null,
            "secondary_web_endpoint": null,
            "secondary_web_host": null,
            "secondary_web_internet_endpoint": null,
            "secondary_web_internet_host": null,
            "secondary_web_microsoft_endpoint": null,
            "secondary_web_microsoft_host": null,
            "sftp_enabled": false,
            "share_properties": [
              {
                "cors_rule": [],
                "retention_policy": [
                  {
                    "days": 7
                  }
                ],
                "smb": []
              }
            ],
            "shared_access_key_enabled": true,
            "static_website": [],
            "table_encryption_key_type": "Service",
            "tags": {},
            "timeouts": null
          },
          "sensitive_attributes": [
            [
              {
                "type": "get_attr",
                "value": "primary_blob_connection_string"
              }
            ],
            [
              {
                "type": "get_attr",
                "value": "secondary_blob_connection_string"
              }
            ],
            [
              {
                "type": "get_attr",
                "value": "secondary_connection_string"
              }
            ],
            [
              {
                "type": "get_attr",
                "value": "secondary_access_key"
              }
            ],
            [
              {
                "type": "get_attr",
                "value": "primary_connection_string"
              }
            ],
            [
              {
                "type": "get_attr",
                "value": "primary_access_key"
              }
            ]
          ],
          "private": "eyJlMmJmYjczMC1lY2FhLTExZTYtOGY4OC0zNDM2M2JjN2M0YzAiOnsiY3JlYXRlIjozNjAwMDAwMDAwMDAwLCJkZWxldGUiOjM2MDAwMDAwMDAwMDAsInJlYWQiOjMwMDAwMDAwMDAwMCwidXBkYXRlIjozNjAwMDAwMDAwMDAwfSwic2NoZW1hX3ZlcnNpb24iOiI0In0=",
          "dependencies": [
            "azurerm_resource_group.keyper"
          ]
        }
      ]
    },
    {
      "mode": "managed",
      "type": "azurerm_storage_account",
      "name": "photos",
      "provider": "provider[\"registry.terraform.io/hashicorp/azurerm\"]",
      "instances": [
        {
          "schema_version": 4,
          "attributes": {
            "access_tier": "Hot",
            "account_kind": "StorageV2",
            "account_replication_type": "LRS",
            "account_tier": "Standard",
            "allow_nested_items_to_be_public": true,
            "allowed_copy_scope": "",
            "azure_files_authentication": [],
            "blob_properties": [
              {
                "change_feed_enabled": false,
                "change_feed_retention_in_days": 0,
                "container_delete_retention_policy": [],
                "cors_rule": [],
                "default_service_version": "",
                "delete_retention_policy": [],
                "last_access_time_enabled": false,
                "restore_policy": [],
                "versioning_enabled": false
              }
            ],
            "cross_tenant_replication_enabled": true,
            "custom_domain": [],
            "customer_managed_key": [],
            "default_to_oauth_authentication": false,
            "dns_endpoint_type": "Standard",
            "edge_zone": "",
            "enable_https_traffic_only": true,
            "id": "/subscriptions/1c00ea97-32b9-4d02-85fb-fce328456b86/resourceGroups/rg-keyper-dev/providers/Microsoft.Storage/storageAccounts/keyperdevphotos",
            "identity": [],
            "immutability_policy": [],
            "infrastructure_encryption_enabled": false,
            "is_hns_enabled": false,
            "large_file_share_enabled": null,
            "local_user_enabled": true,
            "location": "swedencentral",
            "min_tls_version": "TLS1_2",
            "name": "keyperdevphotos",
            "network_rules": [
              {
                "bypass": [
                  "AzureServices"
                ],
                "default_action": "Allow",
                "ip_rules": [],
                "private_link_access": [],
                "virtual_network_subnet_ids": []
              }
            ],
            "nfsv3_enabled": false,
            "primary_access_key": "jDgFPXWoxQZf7jfkCQeD3u6BqCKeEzsuTbM2BjvC3POLMoGqrLPEpOPtqSDtpjxVJiDdYcnQjq5/+AStcLgczg==",
            "primary_blob_connection_string": "DefaultEndpointsProtocol=https;BlobEndpoint=https://keyperdevphotos.blob.core.windows.net/;AccountName=keyperdevphotos;AccountKey=jDgFPXWoxQZf7jfkCQeD3u6BqCKeEzsuTbM2BjvC3POLMoGqrLPEpOPtqSDtpjxVJiDdYcnQjq5/+AStcLgczg==",
            "primary_blob_endpoint": "https://keyperdevphotos.blob.core.windows.net/",
            "primary_blob_host": "keyperdevphotos.blob.core.windows.net",
            "primary_blob_internet_endpoint": "",
            "primary_blob_internet_host": "",
            "primary_blob_microsoft_endpoint": "",
            "primary_blob_microsoft_host": "",
            "primary_connection_string": "DefaultEndpointsProtocol=https;AccountName=keyperdevphotos;AccountKey=jDgFPXWoxQZf7jfkCQeD3u6BqCKeEzsuTbM2BjvC3POLMoGqrLPEpOPtqSDtpjxVJiDdYcnQjq5/+AStcLgczg==;EndpointSuffix=core.windows.net",
            "primary_dfs_endpoint": "https://keyperdevphotos.dfs.core.windows.net/",
            "primary_dfs_host": "keyperdevphotos.dfs.core.windows.net",
            "primary_dfs_internet_endpoint": "",
            "primary_dfs_internet_host": "",
            "primary_dfs_microsoft_endpoint": "",
            "primary_dfs_microsoft_host": "",
            "primary_file_endpoint": "https://keyperdevphotos.file.core.windows.net/",
            "primary_file_host": "keyperdevphotos.file.core.windows.net",
            "primary_file_internet_endpoint": "",
            "primary_file_internet_host": "",
            "primary_file_microsoft_endpoint": "",
            "primary_file_microsoft_host": "",
            "primary_location": "swedencentral",
            "primary_queue_endpoint": "https://keyperdevphotos.queue.core.windows.net/",
            "primary_queue_host": "keyperdevphotos.queue.core.windows.net",
            "primary_queue_microsoft_endpoint": "",
            "primary_queue_microsoft_host": "",
            "primary_table_endpoint": "https://keyperdevphotos.table.core.windows.net/",
            "primary_table_host": "keyperdevphotos.table.core.windows.net",
            "primary_table_microsoft_endpoint": "",
            "primary_table_microsoft_host": "",
            "primary_web_endpoint": "https://keyperdevphotos.z1.web.core.windows.net/",
            "primary_web_host": "keyperdevphotos.z1.web.core.windows.net",
            "primary_web_internet_endpoint": "",
            "primary_web_internet_host": "",
            "primary_web_microsoft_endpoint": "",
            "primary_web_microsoft_host": "",
            "public_network_access_enabled": true,
            "queue_encryption_key_type": "Service",
            "queue_properties": [
              {
                "cors_rule": [],
                "hour_metrics": [
                  {
                    "enabled": true,
                    "include_apis": true,
                    "retention_policy_days": 7,
                    "version": "1.0"
                  }
                ],
                "logging": [
                  {
                    "delete": false,
                    "read": false,
                    "retention_policy_days": 0,
                    "version": "1.0",
                    "write": false
                  }
                ],
                "minute_metrics": [
                  {
                    "enabled": false,
                    "include_apis": false,
                    "retention_policy_days": 0,
                    "version": "1.0"
                  }
                ]
              }
            ],
            "resource_group_name": "rg-keyper-dev",
            "routing": [],
            "sas_policy": [],
            "secondary_access_key": "lxyV7WY1DPSCHOO74NsTov3kSnxs+hi9UtJnNaRb26FnQ+NpXlkE2EAyvPYR0Gwd3BPOUi6952Ie+AStIAS2mw==",
            "secondary_blob_connection_string": "",
            "secondary_blob_endpoint": null,
            "secondary_blob_host": null,
            "secondary_blob_internet_endpoint": null,
            "secondary_blob_internet_host": null,
            "secondary_blob_microsoft_endpoint": null,
            "secondary_blob_microsoft_host": null,
            "secondary_connection_string": "DefaultEndpointsProtocol=https;AccountName=keyperdevphotos;AccountKey=lxyV7WY1DPSCHOO74NsTov3kSnxs+hi9UtJnNaRb26FnQ+NpXlkE2EAyvPYR0Gwd3BPOUi6952Ie+AStIAS2mw==;EndpointSuffix=core.windows.net",
            "secondary_dfs_endpoint": null,
            "secondary_dfs_host": null,
            "secondary_dfs_internet_endpoint": null,
            "secondary_dfs_internet_host": null,
            "secondary_dfs_microsoft_endpoint": null,
            "secondary_dfs_microsoft_host": null,
            "secondary_file_endpoint": null,
            "secondary_file_host": null,
            "secondary_file_internet_endpoint": null,
            "secondary_file_internet_host": null,
            "secondary_file_microsoft_endpoint": null,
            "secondary_file_microsoft_host": null,
            "secondary_location": "",
            "secondary_queue_endpoint": null,
            "secondary_queue_host": null,
            "secondary_queue_microsoft_endpoint": null,
            "secondary_queue_microsoft_host": null,
            "secondary_table_endpoint": null,
            "secondary_table_host": null,
            "secondary_table_microsoft_endpoint": null,
            "secondary_table_microsoft_host": null,
            "secondary_web_endpoint": null,
            "secondary_web_host": null,
            "secondary_web_internet_endpoint": null,
            "secondary_web_internet_host": null,
            "secondary_web_microsoft_endpoint": null,
            "secondary_web_microsoft_host": null,
            "sftp_enabled": false,
            "share_properties": [
              {
                "cors_rule": [],
                "retention_policy": [
                  {
                    "days": 7
                  }
                ],
                "smb": []
              }
            ],
            "shared_access_key_enabled": true,
            "static_website": [],
            "table_encryption_key_type": "Service",
            "tags": {},
            "timeouts": null
          },
          "sensitive_attributes": [
            [
              {
                "type": "get_attr",
                "value": "secondary_access_key"
              }
            ],
            [
              {
                "type": "get_attr",
                "value": "primary_access_key"
              }
            ],
            [
              {
                "type": "get_attr",
                "value": "primary_blob_connection_string"
              }
            ],
            [
              {
                "type": "get_attr",
                "value": "primary_connection_string"
              }
            ],
            [
              {
                "type": "get_attr",
                "value": "secondary_connection_string"
              }
            ],
            [
              {
                "type": "get_attr",
                "value": "secondary_blob_connection_string"
              }
            ]
          ],
          "private": "eyJlMmJmYjczMC1lY2FhLTExZTYtOGY4OC0zNDM2M2JjN2M0YzAiOnsiY3JlYXRlIjozNjAwMDAwMDAwMDAwLCJkZWxldGUiOjM2MDAwMDAwMDAwMDAsInJlYWQiOjMwMDAwMDAwMDAwMCwidXBkYXRlIjozNjAwMDAwMDAwMDAwfSwic2NoZW1hX3ZlcnNpb24iOiI0In0=",
          "dependencies": [
            "azurerm_resource_group.keyper"
          ]
        }
      ]
    },
    {
      "mode": "managed",
      "type": "azurerm_storage_container",
      "name": "photos",
      "provider": "provider[\"registry.terraform.io/hashicorp/azurerm\"]",
      "instances": [
        {
          "schema_version": 1,
          "attributes": {
            "container_access_type": "private",
            "default_encryption_scope": "$account-encryption-key",
            "encryption_scope_override_enabled": true,
            "has_immutability_policy": false,
            "has_legal_hold": false,
            "id": "https://keyperdevphotos.blob.core.windows.net/images",
            "metadata": {},
            "name": "images",
            "resource_manager_id": "/subscriptions/1c00ea97-32b9-4d02-85fb-fce328456b86/resourceGroups/rg-keyper-dev/providers/Microsoft.Storage/storageAccounts/keyperdevphotos/blobServices/default/containers/images",
            "storage_account_name": "keyperdevphotos",
            "timeouts": null
          },
          "sensitive_attributes": [],
          "private": "eyJlMmJmYjczMC1lY2FhLTExZTYtOGY4OC0zNDM2M2JjN2M0YzAiOnsiY3JlYXRlIjoxODAwMDAwMDAwMDAwLCJkZWxldGUiOjE4MDAwMDAwMDAwMDAsInJlYWQiOjMwMDAwMDAwMDAwMCwidXBkYXRlIjoxODAwMDAwMDAwMDAwfSwic2NoZW1hX3ZlcnNpb24iOiIxIn0=",
          "dependencies": [
            "azurerm_resource_group.keyper",
            "azurerm_storage_account.photos"
          ]
        }
      ]
    },
    {
      "mode": "managed",
      "type": "azurerm_storage_queue",
      "name": "photoqueue",
      "provider": "provider[\"registry.terraform.io/hashicorp/azurerm\"]",
      "instances": [
        {
          "schema_version": 1,
          "attributes": {
            "id": "https://keyperdevphotos.queue.core.windows.net/photoprocess",
            "metadata": {},
            "name": "photoprocess",
            "resource_manager_id": "/subscriptions/1c00ea97-32b9-4d02-85fb-fce328456b86/resourceGroups/rg-keyper-dev/providers/Microsoft.Storage/storageAccounts/keyperdevphotos/queueServices/default/queues/photoprocess",
            "storage_account_name": "keyperdevphotos",
            "timeouts": null
          },
          "sensitive_attributes": [],
          "private": "eyJlMmJmYjczMC1lY2FhLTExZTYtOGY4OC0zNDM2M2JjN2M0YzAiOnsiY3JlYXRlIjoxODAwMDAwMDAwMDAwLCJkZWxldGUiOjE4MDAwMDAwMDAwMDAsInJlYWQiOjMwMDAwMDAwMDAwMCwidXBkYXRlIjoxODAwMDAwMDAwMDAwfSwic2NoZW1hX3ZlcnNpb24iOiIxIn0=",
          "dependencies": [
            "azurerm_resource_group.keyper",
            "azurerm_storage_account.photos"
          ]
        }
      ]
    },
    {
      "mode": "managed",
      "type": "azurerm_storage_table",
      "name": "photos",
      "provider": "provider[\"registry.terraform.io/hashicorp/azurerm\"]",
      "instances": [
        {
          "schema_version": 2,
          "attributes": {
            "acl": [],
            "id": "https://keyperdevphotos.table.core.windows.net/Tables('photosdb')",
            "name": "photosdb",
            "storage_account_name": "keyperdevphotos",
            "timeouts": null
          },
          "sensitive_attributes": [],
          "private": "eyJlMmJmYjczMC1lY2FhLTExZTYtOGY4OC0zNDM2M2JjN2M0YzAiOnsiY3JlYXRlIjoxODAwMDAwMDAwMDAwLCJkZWxldGUiOjE4MDAwMDAwMDAwMDAsInJlYWQiOjMwMDAwMDAwMDAwMCwidXBkYXRlIjoxODAwMDAwMDAwMDAwfSwic2NoZW1hX3ZlcnNpb24iOiIyIn0=",
          "dependencies": [
            "azurerm_resource_group.keyper",
            "azurerm_storage_account.photos"
          ]
        }
      ]
    }
  ],
  "check_results": null
}
